
Microsoft Visual Studio Solution File, Format Version 12.00
# Visual Studio Version 17
VisualStudioVersion = 17.9.34728.123
MinimumVisualStudioVersion = 10.0.40219.1
Project("{FAE04EC0-301F-11D3-BF4B-00C04F79EFBC}") = "Neuronales Netz Zahlenerkennung", "Neuronales Netz Zahlenerkennung\Neuronales Netz Zahlenerkennung.csproj", "{73558021-6918-4754-A593-2F792E801679}"
EndProject
Global
	GlobalSection(SolutionConfigurationPlatforms) = preSolution
		Debug|Any CPU = Debug|Any CPU
		Release|Any CPU = Release|Any CPU
	EndGlobalSection
	GlobalSection(ProjectConfigurationPlatforms) = postSolution
		{73558021-6918-4754-A593-2F792E801679}.Debug|Any CPU.ActiveCfg = Debug|Any CPU
		{73558021-6918-4754-A593-2F792E801679}.Debug|Any CPU.Build.0 = Debug|Any CPU
		{73558021-6918-4754-A593-2F792E801679}.Release|Any CPU.ActiveCfg = Release|Any CPU
		{73558021-6918-4754-A593-2F792E801679}.Release|Any CPU.Build.0 = Release|Any CPU
	EndGlobalSection
	GlobalSection(SolutionProperties) = preSolution
		HideSolutionNode = FALSE
	EndGlobalSection
	GlobalSection(ExtensibilityGlobals) = postSolution
		SolutionGuid = {A1A38690-C5FE-4222-9969-79CCD4842DFE}
	EndGlobalSection
EndGlobal
